
Microsoft Visual Studio Solution File, Format Version 12.00
Project("{FAE04EC0-301F-11D3-BF4B-00C04F79EFBC}") = "LaunchReact", "LaunchReact.csproj", "{79508B08-36A2-4AE0-B186-4766489498A7}"
EndProject
Global
	GlobalSection(SolutionConfigurationPlatforms) = preSolution
		Debug|Any CPU = Debug|Any CPU
		Release|Any CPU = Release|Any CPU
	EndGlobalSection
	GlobalSection(ProjectConfigurationPlatforms) = postSolution
		{79508B08-36A2-4AE0-B186-4766489498A7}.Debug|Any CPU.ActiveCfg = Debug|Any CPU
		{79508B08-36A2-4AE0-B186-4766489498A7}.Debug|Any CPU.Build.0 = Debug|Any CPU
		{79508B08-36A2-4AE0-B186-4766489498A7}.Release|Any CPU.ActiveCfg = Release|Any CPU
		{79508B08-36A2-4AE0-B186-4766489498A7}.Release|Any CPU.Build.0 = Release|Any CPU
	EndGlobalSection
EndGlobal
